
Microsoft Visual Studio Solution File, Format Version 12.00
# Visual Studio Version 17
VisualStudioVersion = 17.8.34330.188
MinimumVisualStudioVersion = 10.0.40219.1
Project("{9A19103F-16F7-4668-BE54-9A1E7A4F7556}") = "YelpMe.Domain", "YelpMe.Domain.csproj", "{E501C339-DB97-4757-BDAC-9DDD4F2AA407}"
EndProject
Project("{9A19103F-16F7-4668-BE54-9A1E7A4F7556}") = "YelpMe.Interfaces", "..\YelpMe.Interface\YelpMe.Interfaces.csproj", "{09378A44-0CE2-48E3-A268-5FFF8176463A}"
EndProject
Project("{9A19103F-16F7-4668-BE54-9A1E7A4F7556}") = "YelpMe.Services", "..\YelpMe.Service\YelpMe.Services.csproj", "{5B156BB7-1F5E-4F57-B8B0-3D7BA82DA600}"
EndProject
Project("{9A19103F-16F7-4668-BE54-9A1E7A4F7556}") = "YelpMe.Repository", "..\YelpMe.Repository\YelpMe.Repository.csproj", "{3D68CE0E-D6B1-48BD-9408-D28C31363420}"
EndProject
Project("{9A19103F-16F7-4668-BE54-9A1E7A4F7556}") = "YelpMe.API", "..\YelpMe.API\YelpMe.API.csproj", "{8A644477-FA58-4BCF-A5BC-87AC18F78D80}"
EndProject
Global
	GlobalSection(SolutionConfigurationPlatforms) = preSolution
		Debug|Any CPU = Debug|Any CPU
		Release|Any CPU = Release|Any CPU
	EndGlobalSection
	GlobalSection(ProjectConfigurationPlatforms) = postSolution
		{E501C339-DB97-4757-BDAC-9DDD4F2AA407}.Debug|Any CPU.ActiveCfg = Debug|Any CPU
		{E501C339-DB97-4757-BDAC-9DDD4F2AA407}.Debug|Any CPU.Build.0 = Debug|Any CPU
		{E501C339-DB97-4757-BDAC-9DDD4F2AA407}.Release|Any CPU.ActiveCfg = Release|Any CPU
		{E501C339-DB97-4757-BDAC-9DDD4F2AA407}.Release|Any CPU.Build.0 = Release|Any CPU
		{09378A44-0CE2-48E3-A268-5FFF8176463A}.Debug|Any CPU.ActiveCfg = Debug|Any CPU
		{09378A44-0CE2-48E3-A268-5FFF8176463A}.Debug|Any CPU.Build.0 = Debug|Any CPU
		{09378A44-0CE2-48E3-A268-5FFF8176463A}.Release|Any CPU.ActiveCfg = Release|Any CPU
		{09378A44-0CE2-48E3-A268-5FFF8176463A}.Release|Any CPU.Build.0 = Release|Any CPU
		{5B156BB7-1F5E-4F57-B8B0-3D7BA82DA600}.Debug|Any CPU.ActiveCfg = Debug|Any CPU
		{5B156BB7-1F5E-4F57-B8B0-3D7BA82DA600}.Debug|Any CPU.Build.0 = Debug|Any CPU
		{5B156BB7-1F5E-4F57-B8B0-3D7BA82DA600}.Release|Any CPU.ActiveCfg = Release|Any CPU
		{5B156BB7-1F5E-4F57-B8B0-3D7BA82DA600}.Release|Any CPU.Build.0 = Release|Any CPU
		{3D68CE0E-D6B1-48BD-9408-D28C31363420}.Debug|Any CPU.ActiveCfg = Debug|Any CPU
		{3D68CE0E-D6B1-48BD-9408-D28C31363420}.Debug|Any CPU.Build.0 = Debug|Any CPU
		{3D68CE0E-D6B1-48BD-9408-D28C31363420}.Release|Any CPU.ActiveCfg = Release|Any CPU
		{3D68CE0E-D6B1-48BD-9408-D28C31363420}.Release|Any CPU.Build.0 = Release|Any CPU
		{8A644477-FA58-4BCF-A5BC-87AC18F78D80}.Debug|Any CPU.ActiveCfg = Debug|Any CPU
		{8A644477-FA58-4BCF-A5BC-87AC18F78D80}.Debug|Any CPU.Build.0 = Debug|Any CPU
		{8A644477-FA58-4BCF-A5BC-87AC18F78D80}.Release|Any CPU.ActiveCfg = Release|Any CPU
		{8A644477-FA58-4BCF-A5BC-87AC18F78D80}.Release|Any CPU.Build.0 = Release|Any CPU
	EndGlobalSection
	GlobalSection(SolutionProperties) = preSolution
		HideSolutionNode = FALSE
	EndGlobalSection
	GlobalSection(ExtensibilityGlobals) = postSolution
		SolutionGuid = {6315B149-B97A-4549-870B-2A947F04880C}
	EndGlobalSection
EndGlobal
